
Microsoft Visual Studio Solution File, Format Version 12.00
# Visual Studio 15
VisualStudioVersion = 15.0.28010.2019
MinimumVisualStudioVersion = 10.0.40219.1
Project("{FAE04EC0-301F-11D3-BF4B-00C04F79EFBC}") = "SammysAuto", "SammysAuto\SammysAuto.csproj", "{310D5E83-40F1-428F-803F-AFEDA44EE488}"
EndProject
Global
	GlobalSection(SolutionConfigurationPlatforms) = preSolution
		Debug|Any CPU = Debug|Any CPU
		Release|Any CPU = Release|Any CPU
	EndGlobalSection
	GlobalSection(ProjectConfigurationPlatforms) = postSolution
		{310D5E83-40F1-428F-803F-AFEDA44EE488}.Debug|Any CPU.ActiveCfg = Debug|Any CPU
		{310D5E83-40F1-428F-803F-AFEDA44EE488}.Debug|Any CPU.Build.0 = Debug|Any CPU
		{310D5E83-40F1-428F-803F-AFEDA44EE488}.Release|Any CPU.ActiveCfg = Release|Any CPU
		{310D5E83-40F1-428F-803F-AFEDA44EE488}.Release|Any CPU.Build.0 = Release|Any CPU
	EndGlobalSection
	GlobalSection(SolutionProperties) = preSolution
		HideSolutionNode = FALSE
	EndGlobalSection
	GlobalSection(ExtensibilityGlobals) = postSolution
		SolutionGuid = {42C9828B-76D8-444A-B6C7-07E0086F5ADB}
	EndGlobalSection
EndGlobal
